
Microsoft Visual Studio Solution File, Format Version 12.00
# Visual Studio Version 17
VisualStudioVersion = 17.6.33723.286
MinimumVisualStudioVersion = 10.0.40219.1
Project("{FAE04EC0-301F-11D3-BF4B-00C04F79EFBC}") = "Mission_230613", "Mission_230613.csproj", "{89313428-3973-4546-8E17-B6F1A58954FB}"
EndProject
Global
	GlobalSection(SolutionConfigurationPlatforms) = preSolution
		Debug|Any CPU = Debug|Any CPU
		Release|Any CPU = Release|Any CPU
	EndGlobalSection
	GlobalSection(ProjectConfigurationPlatforms) = postSolution
		{89313428-3973-4546-8E17-B6F1A58954FB}.Debug|Any CPU.ActiveCfg = Debug|Any CPU
		{89313428-3973-4546-8E17-B6F1A58954FB}.Debug|Any CPU.Build.0 = Debug|Any CPU
		{89313428-3973-4546-8E17-B6F1A58954FB}.Release|Any CPU.ActiveCfg = Release|Any CPU
		{89313428-3973-4546-8E17-B6F1A58954FB}.Release|Any CPU.Build.0 = Release|Any CPU
	EndGlobalSection
	GlobalSection(SolutionProperties) = preSolution
		HideSolutionNode = FALSE
	EndGlobalSection
	GlobalSection(ExtensibilityGlobals) = postSolution
		SolutionGuid = {6AA63464-9309-45DE-87C1-B85B5C79409F}
	EndGlobalSection
EndGlobal
