
Microsoft Visual Studio Solution File, Format Version 12.00
# Visual Studio Version 17
VisualStudioVersion = 17.6.33723.286
MinimumVisualStudioVersion = 10.0.40219.1
Project("{FAE04EC0-301F-11D3-BF4B-00C04F79EFBC}") = "Mission_230614", "Mission_230614.csproj", "{64BFF695-C482-42A0-9DC3-820308319C99}"
EndProject
Global
	GlobalSection(SolutionConfigurationPlatforms) = preSolution
		Debug|Any CPU = Debug|Any CPU
		Release|Any CPU = Release|Any CPU
	EndGlobalSection
	GlobalSection(ProjectConfigurationPlatforms) = postSolution
		{64BFF695-C482-42A0-9DC3-820308319C99}.Debug|Any CPU.ActiveCfg = Debug|Any CPU
		{64BFF695-C482-42A0-9DC3-820308319C99}.Debug|Any CPU.Build.0 = Debug|Any CPU
		{64BFF695-C482-42A0-9DC3-820308319C99}.Release|Any CPU.ActiveCfg = Release|Any CPU
		{64BFF695-C482-42A0-9DC3-820308319C99}.Release|Any CPU.Build.0 = Release|Any CPU
	EndGlobalSection
	GlobalSection(SolutionProperties) = preSolution
		HideSolutionNode = FALSE
	EndGlobalSection
	GlobalSection(ExtensibilityGlobals) = postSolution
		SolutionGuid = {5F25DEE7-3D2B-446C-B884-1B16996B3A76}
	EndGlobalSection
EndGlobal
