
Microsoft Visual Studio Solution File, Format Version 12.00
# Visual Studio Version 17
VisualStudioVersion = 17.6.33723.286
MinimumVisualStudioVersion = 10.0.40219.1
Project("{FAE04EC0-301F-11D3-BF4B-00C04F79EFBC}") = "230613", "230613.csproj", "{CBEE4FF2-FA71-4075-9029-2F41FAAA5B44}"
EndProject
Global
	GlobalSection(SolutionConfigurationPlatforms) = preSolution
		Debug|Any CPU = Debug|Any CPU
		Release|Any CPU = Release|Any CPU
	EndGlobalSection
	GlobalSection(ProjectConfigurationPlatforms) = postSolution
		{CBEE4FF2-FA71-4075-9029-2F41FAAA5B44}.Debug|Any CPU.ActiveCfg = Debug|Any CPU
		{CBEE4FF2-FA71-4075-9029-2F41FAAA5B44}.Debug|Any CPU.Build.0 = Debug|Any CPU
		{CBEE4FF2-FA71-4075-9029-2F41FAAA5B44}.Release|Any CPU.ActiveCfg = Release|Any CPU
		{CBEE4FF2-FA71-4075-9029-2F41FAAA5B44}.Release|Any CPU.Build.0 = Release|Any CPU
	EndGlobalSection
	GlobalSection(SolutionProperties) = preSolution
		HideSolutionNode = FALSE
	EndGlobalSection
	GlobalSection(ExtensibilityGlobals) = postSolution
		SolutionGuid = {39F966AD-ED59-4C8D-A886-D3AF32BA1FFD}
	EndGlobalSection
EndGlobal
